
Microsoft Visual Studio Solution File, Format Version 12.00
# Visual Studio Version 16
VisualStudioVersion = 16.0.30225.117
MinimumVisualStudioVersion = 10.0.40219.1
Project("{FAE04EC0-301F-11D3-BF4B-00C04F79EFBC}") = "Gifter", "Gifter\Gifter.csproj", "{EEBA8421-BA32-4440-A678-2FE511D27F50}"
EndProject
Global
	GlobalSection(SolutionConfigurationPlatforms) = preSolution
		Debug|Any CPU = Debug|Any CPU
		Release|Any CPU = Release|Any CPU
	EndGlobalSection
	GlobalSection(ProjectConfigurationPlatforms) = postSolution
		{EEBA8421-BA32-4440-A678-2FE511D27F50}.Debug|Any CPU.ActiveCfg = Debug|Any CPU
		{EEBA8421-BA32-4440-A678-2FE511D27F50}.Debug|Any CPU.Build.0 = Debug|Any CPU
		{EEBA8421-BA32-4440-A678-2FE511D27F50}.Release|Any CPU.ActiveCfg = Release|Any CPU
		{EEBA8421-BA32-4440-A678-2FE511D27F50}.Release|Any CPU.Build.0 = Release|Any CPU
	EndGlobalSection
	GlobalSection(SolutionProperties) = preSolution
		HideSolutionNode = FALSE
	EndGlobalSection
	GlobalSection(ExtensibilityGlobals) = postSolution
		SolutionGuid = {3A2DECB3-9F5E-40FC-B8F9-04C891A63DF6}
	EndGlobalSection
EndGlobal
